
Microsoft Visual Studio Solution File, Format Version 12.00
# Visual Studio Version 17
VisualStudioVersion = 17.3.32929.385
MinimumVisualStudioVersion = 10.0.40219.1
Project("{FAE04EC0-301F-11D3-BF4B-00C04F79EFBC}") = "dotnet7---customers---crud", "dotnet7---customers---crud\dotnet7---customers---crud.csproj", "{95D30E56-E4C4-41FB-B1B1-EE9B6759A216}"
EndProject
Global
	GlobalSection(SolutionConfigurationPlatforms) = preSolution
		Debug|Any CPU = Debug|Any CPU
		Release|Any CPU = Release|Any CPU
	EndGlobalSection
	GlobalSection(ProjectConfigurationPlatforms) = postSolution
		{95D30E56-E4C4-41FB-B1B1-EE9B6759A216}.Debug|Any CPU.ActiveCfg = Debug|Any CPU
		{95D30E56-E4C4-41FB-B1B1-EE9B6759A216}.Debug|Any CPU.Build.0 = Debug|Any CPU
		{95D30E56-E4C4-41FB-B1B1-EE9B6759A216}.Release|Any CPU.ActiveCfg = Release|Any CPU
		{95D30E56-E4C4-41FB-B1B1-EE9B6759A216}.Release|Any CPU.Build.0 = Release|Any CPU
	EndGlobalSection
	GlobalSection(SolutionProperties) = preSolution
		HideSolutionNode = FALSE
	EndGlobalSection
	GlobalSection(ExtensibilityGlobals) = postSolution
		SolutionGuid = {5AEDAE16-BA02-4F1B-8A5C-A257752FBDA2}
	EndGlobalSection
EndGlobal
